
Microsoft Visual Studio Solution File, Format Version 12.00
# Visual Studio Version 16
VisualStudioVersion = 16.0.31515.178
MinimumVisualStudioVersion = 10.0.40219.1
Project("{FAE04EC0-301F-11D3-BF4B-00C04F79EFBC}") = "harmadik", "harmadik\harmadik.csproj", "{C908DA0D-77F6-42C1-968F-56ED2F48B375}"
EndProject
Global
	GlobalSection(SolutionConfigurationPlatforms) = preSolution
		Debug|Any CPU = Debug|Any CPU
		Release|Any CPU = Release|Any CPU
	EndGlobalSection
	GlobalSection(ProjectConfigurationPlatforms) = postSolution
		{C908DA0D-77F6-42C1-968F-56ED2F48B375}.Debug|Any CPU.ActiveCfg = Debug|Any CPU
		{C908DA0D-77F6-42C1-968F-56ED2F48B375}.Debug|Any CPU.Build.0 = Debug|Any CPU
		{C908DA0D-77F6-42C1-968F-56ED2F48B375}.Release|Any CPU.ActiveCfg = Release|Any CPU
		{C908DA0D-77F6-42C1-968F-56ED2F48B375}.Release|Any CPU.Build.0 = Release|Any CPU
	EndGlobalSection
	GlobalSection(SolutionProperties) = preSolution
		HideSolutionNode = FALSE
	EndGlobalSection
	GlobalSection(ExtensibilityGlobals) = postSolution
		SolutionGuid = {E6E64B28-7C29-4F51-8402-2268DFFBD53F}
	EndGlobalSection
EndGlobal
